
Microsoft Visual Studio Solution File, Format Version 12.00
# Visual Studio Version 17
VisualStudioVersion = 17.1.32210.238
MinimumVisualStudioVersion = 10.0.40219.1
Project("{FAE04EC0-301F-11D3-BF4B-00C04F79EFBC}") = "MajorityElement", "MajorityElement.csproj", "{FD8DD0B4-0C79-4AC2-B79B-DB98EDBA6178}"
EndProject
Global
	GlobalSection(SolutionConfigurationPlatforms) = preSolution
		Debug|Any CPU = Debug|Any CPU
		Release|Any CPU = Release|Any CPU
	EndGlobalSection
	GlobalSection(ProjectConfigurationPlatforms) = postSolution
		{FD8DD0B4-0C79-4AC2-B79B-DB98EDBA6178}.Debug|Any CPU.ActiveCfg = Debug|Any CPU
		{FD8DD0B4-0C79-4AC2-B79B-DB98EDBA6178}.Debug|Any CPU.Build.0 = Debug|Any CPU
		{FD8DD0B4-0C79-4AC2-B79B-DB98EDBA6178}.Release|Any CPU.ActiveCfg = Release|Any CPU
		{FD8DD0B4-0C79-4AC2-B79B-DB98EDBA6178}.Release|Any CPU.Build.0 = Release|Any CPU
	EndGlobalSection
	GlobalSection(SolutionProperties) = preSolution
		HideSolutionNode = FALSE
	EndGlobalSection
	GlobalSection(ExtensibilityGlobals) = postSolution
		SolutionGuid = {F0AFD030-487C-4B1D-8FFE-6ED7E85D4007}
	EndGlobalSection
EndGlobal
